github.com/sylabs/json-resp v0.6.0 h1:W/yxwBu6WPMqiU9YBaelUsfWU1ZD+x4f4rxqmTr0LaI=
github.com/sylabs/json-resp v0.6.0/go.mod h1:QYGGBTYDgiIH+c6zRQuVd4PIYfm//vFD2flnIdF1k7E=
github.com/sylabs/json-resp v0.7.0 h1:h3jO5QZ+K8Zul4QtmTqEp5TTIUkmdcfz6CsdUceaSnw=
github.com/sylabs/json-resp v0.7.0/go.mod h1:QYGGBTYDgiIH+c6zRQuVd4PIYfm//vFD2flnIdF1k7E=
